
Microsoft Visual Studio Solution File, Format Version 12.00
# Visual Studio Version 17
VisualStudioVersion = 17.8.34330.188
MinimumVisualStudioVersion = 10.0.40219.1
Project("{8BC9CEB8-8B4A-11D0-8D11-00A0C91BC942}") = "RemoveInstances", "RemoveInstances.vcxproj", "{4877BD9B-823C-4952-96DF-41F8C19714F8}"
EndProject
Global
	GlobalSection(SolutionConfigurationPlatforms) = preSolution
		Debug|x64 = Debug|x64
		Debug|x86 = Debug|x86
		Release|x64 = Release|x64
		Release|x86 = Release|x86
	EndGlobalSection
	GlobalSection(ProjectConfigurationPlatforms) = postSolution
		{4877BD9B-823C-4952-96DF-41F8C19714F8}.Debug|x64.ActiveCfg = Debug|x64
		{4877BD9B-823C-4952-96DF-41F8C19714F8}.Debug|x64.Build.0 = Debug|x64
		{4877BD9B-823C-4952-96DF-41F8C19714F8}.Debug|x86.ActiveCfg = Debug|Win32
		{4877BD9B-823C-4952-96DF-41F8C19714F8}.Debug|x86.Build.0 = Debug|Win32
		{4877BD9B-823C-4952-96DF-41F8C19714F8}.Release|x64.ActiveCfg = Release|x64
		{4877BD9B-823C-4952-96DF-41F8C19714F8}.Release|x64.Build.0 = Release|x64
		{4877BD9B-823C-4952-96DF-41F8C19714F8}.Release|x86.ActiveCfg = Release|Win32
		{4877BD9B-823C-4952-96DF-41F8C19714F8}.Release|x86.Build.0 = Release|Win32
	EndGlobalSection
	GlobalSection(SolutionProperties) = preSolution
		HideSolutionNode = FALSE
	EndGlobalSection
	GlobalSection(ExtensibilityGlobals) = postSolution
		SolutionGuid = {3C07CCE5-2333-4B49-990D-4A95C3345266}
	EndGlobalSection
EndGlobal
